
Microsoft Visual Studio Solution File, Format Version 12.00
# Visual Studio Version 17
VisualStudioVersion = 17.13.35828.75 d17.13
MinimumVisualStudioVersion = 10.0.40219.1
Project("{FAE04EC0-301F-11D3-BF4B-00C04F79EFBC}") = "focusss", "focusss\focusss.csproj", "{20A4A2A2-6EF6-43C4-80D4-1CB9752F474E}"
EndProject
Global
	GlobalSection(SolutionConfigurationPlatforms) = preSolution
		Debug|Any CPU = Debug|Any CPU
		Release|Any CPU = Release|Any CPU
	EndGlobalSection
	GlobalSection(ProjectConfigurationPlatforms) = postSolution
		{20A4A2A2-6EF6-43C4-80D4-1CB9752F474E}.Debug|Any CPU.ActiveCfg = Debug|Any CPU
		{20A4A2A2-6EF6-43C4-80D4-1CB9752F474E}.Debug|Any CPU.Build.0 = Debug|Any CPU
		{20A4A2A2-6EF6-43C4-80D4-1CB9752F474E}.Release|Any CPU.ActiveCfg = Release|Any CPU
		{20A4A2A2-6EF6-43C4-80D4-1CB9752F474E}.Release|Any CPU.Build.0 = Release|Any CPU
	EndGlobalSection
	GlobalSection(SolutionProperties) = preSolution
		HideSolutionNode = FALSE
	EndGlobalSection
	GlobalSection(ExtensibilityGlobals) = postSolution
		SolutionGuid = {1CA2E51A-0199-4508-822A-27B25088E8B6}
	EndGlobalSection
EndGlobal
